
Microsoft Visual Studio Solution File, Format Version 12.00
Project("{FAE04EC0-301F-11D3-BF4B-00C04F79EFBC}") = "SaleManagement", "SaleManagement\SaleManagement.csproj", "{755B5F1D-7709-4D7E-94A1-F8544AC85C7B}"
EndProject
Project("{FAE04EC0-301F-11D3-BF4B-00C04F79EFBC}") = "SaleManagement.Tests", "SaleManagement.Tests\SaleManagement.Tests.csproj", "{B319CB5F-0506-4ADE-A819-C3962E427F4E}"
EndProject
Global
	GlobalSection(SolutionConfigurationPlatforms) = preSolution
		Debug|Any CPU = Debug|Any CPU
		Release|Any CPU = Release|Any CPU
	EndGlobalSection
	GlobalSection(ProjectConfigurationPlatforms) = postSolution
		{755B5F1D-7709-4D7E-94A1-F8544AC85C7B}.Debug|Any CPU.ActiveCfg = Debug|Any CPU
		{755B5F1D-7709-4D7E-94A1-F8544AC85C7B}.Debug|Any CPU.Build.0 = Debug|Any CPU
		{755B5F1D-7709-4D7E-94A1-F8544AC85C7B}.Release|Any CPU.ActiveCfg = Release|Any CPU
		{755B5F1D-7709-4D7E-94A1-F8544AC85C7B}.Release|Any CPU.Build.0 = Release|Any CPU
		{B319CB5F-0506-4ADE-A819-C3962E427F4E}.Debug|Any CPU.ActiveCfg = Debug|Any CPU
		{B319CB5F-0506-4ADE-A819-C3962E427F4E}.Debug|Any CPU.Build.0 = Debug|Any CPU
		{B319CB5F-0506-4ADE-A819-C3962E427F4E}.Release|Any CPU.ActiveCfg = Release|Any CPU
		{B319CB5F-0506-4ADE-A819-C3962E427F4E}.Release|Any CPU.Build.0 = Release|Any CPU
	EndGlobalSection
EndGlobal
